
Microsoft Visual Studio Solution File, Format Version 12.00
# Visual Studio 15
VisualStudioVersion = 15.0.28307.271
MinimumVisualStudioVersion = 10.0.40219.1
Project("{2150E333-8FDC-42A3-9474-1A3956D46DE8}") = "Examples", "Examples", "{45CBAB24-008E-4178-A16A-9FBBE040CDBE}"
EndProject
Project("{2150E333-8FDC-42A3-9474-1A3956D46DE8}") = "HelloWorld", "HelloWorld", "{AC341C39-59B7-4A22-B5E2-DD396C0D44AE}"
EndProject
Project("{2150E333-8FDC-42A3-9474-1A3956D46DE8}") = "Unified", "Unified", "{24457EBB-BD66-41D2-A49B-640ABE20D302}"
EndProject
Project("{9A19103F-16F7-4668-BE54-9A1E7A4F7556}") = "ArrayFire", "Wrapper\ArrayFire.csproj", "{CCF40342-16B0-4B9E-97D9-BBDD0F4E6870}"
EndProject
Project("{9A19103F-16F7-4668-BE54-9A1E7A4F7556}") = "HelloWorld (CSharp)", "Examples\HelloWorld\CSharp\HelloWorld (CSharp).csproj", "{6C9F655E-21DC-42B2-9138-F8BDDE62898A}"
EndProject
Project("{9A19103F-16F7-4668-BE54-9A1E7A4F7556}") = "Unified (CSharp)", "Examples\Unified\CSharp\Unified (CSharp).csproj", "{099DF4F9-2607-4671-B908-2FE49C12A084}"
EndProject
Global
	GlobalSection(SolutionConfigurationPlatforms) = preSolution
		Debug|Any CPU = Debug|Any CPU
		Debug|x64 = Debug|x64
		Release|Any CPU = Release|Any CPU
		Release|x64 = Release|x64
	EndGlobalSection
	GlobalSection(ProjectConfigurationPlatforms) = postSolution
		{CCF40342-16B0-4B9E-97D9-BBDD0F4E6870}.Debug|Any CPU.ActiveCfg = Debug|Any CPU
		{CCF40342-16B0-4B9E-97D9-BBDD0F4E6870}.Debug|Any CPU.Build.0 = Debug|Any CPU
		{CCF40342-16B0-4B9E-97D9-BBDD0F4E6870}.Debug|x64.ActiveCfg = Debug|Any CPU
		{CCF40342-16B0-4B9E-97D9-BBDD0F4E6870}.Debug|x64.Build.0 = Debug|Any CPU
		{CCF40342-16B0-4B9E-97D9-BBDD0F4E6870}.Release|Any CPU.ActiveCfg = Release|Any CPU
		{CCF40342-16B0-4B9E-97D9-BBDD0F4E6870}.Release|Any CPU.Build.0 = Release|Any CPU
		{CCF40342-16B0-4B9E-97D9-BBDD0F4E6870}.Release|x64.ActiveCfg = Release|Any CPU
		{CCF40342-16B0-4B9E-97D9-BBDD0F4E6870}.Release|x64.Build.0 = Release|Any CPU
		{6C9F655E-21DC-42B2-9138-F8BDDE62898A}.Debug|Any CPU.ActiveCfg = Debug|Any CPU
		{6C9F655E-21DC-42B2-9138-F8BDDE62898A}.Debug|Any CPU.Build.0 = Debug|Any CPU
		{6C9F655E-21DC-42B2-9138-F8BDDE62898A}.Debug|x64.ActiveCfg = Debug|Any CPU
		{6C9F655E-21DC-42B2-9138-F8BDDE62898A}.Debug|x64.Build.0 = Debug|Any CPU
		{6C9F655E-21DC-42B2-9138-F8BDDE62898A}.Release|Any CPU.ActiveCfg = Release|Any CPU
		{6C9F655E-21DC-42B2-9138-F8BDDE62898A}.Release|Any CPU.Build.0 = Release|Any CPU
		{6C9F655E-21DC-42B2-9138-F8BDDE62898A}.Release|x64.ActiveCfg = Release|Any CPU
		{6C9F655E-21DC-42B2-9138-F8BDDE62898A}.Release|x64.Build.0 = Release|Any CPU
		{099DF4F9-2607-4671-B908-2FE49C12A084}.Debug|Any CPU.ActiveCfg = Debug|Any CPU
		{099DF4F9-2607-4671-B908-2FE49C12A084}.Debug|Any CPU.Build.0 = Debug|Any CPU
		{099DF4F9-2607-4671-B908-2FE49C12A084}.Debug|x64.ActiveCfg = Debug|Any CPU
		{099DF4F9-2607-4671-B908-2FE49C12A084}.Debug|x64.Build.0 = Debug|Any CPU
		{099DF4F9-2607-4671-B908-2FE49C12A084}.Release|Any CPU.ActiveCfg = Release|Any CPU
		{099DF4F9-2607-4671-B908-2FE49C12A084}.Release|Any CPU.Build.0 = Release|Any CPU
		{099DF4F9-2607-4671-B908-2FE49C12A084}.Release|x64.ActiveCfg = Release|Any CPU
		{099DF4F9-2607-4671-B908-2FE49C12A084}.Release|x64.Build.0 = Release|Any CPU
	EndGlobalSection
	GlobalSection(SolutionProperties) = preSolution
		HideSolutionNode = FALSE
	EndGlobalSection
	GlobalSection(NestedProjects) = preSolution
		{AC341C39-59B7-4A22-B5E2-DD396C0D44AE} = {45CBAB24-008E-4178-A16A-9FBBE040CDBE}
		{24457EBB-BD66-41D2-A49B-640ABE20D302} = {45CBAB24-008E-4178-A16A-9FBBE040CDBE}
		{6C9F655E-21DC-42B2-9138-F8BDDE62898A} = {AC341C39-59B7-4A22-B5E2-DD396C0D44AE}
		{099DF4F9-2607-4671-B908-2FE49C12A084} = {24457EBB-BD66-41D2-A49B-640ABE20D302}
	EndGlobalSection
	GlobalSection(ExtensibilityGlobals) = postSolution
		SolutionGuid = {E3A0DE14-88D3-4AEC-B6F6-97A6CA052C53}
	EndGlobalSection
EndGlobal
